
Microsoft Visual Studio Solution File, Format Version 11.00
# Visual Studio 2010
Project("{FAE04EC0-301F-11D3-BF4B-00C04F79EFBC}") = "MvcApplication1", "MvcApplication1\MvcApplication1.csproj", "{37ECC363-252C-4F15-B9AD-88DE45B54A5D}"
EndProject
Project("{FAE04EC0-301F-11D3-BF4B-00C04F79EFBC}") = "GodLibrary", "GodLibrary\GodLibrary.csproj", "{4EF22234-300D-4CBB-8C5A-75506850AE6A}"
EndProject
Project("{FAE04EC0-301F-11D3-BF4B-00C04F79EFBC}") = "jQureyWithMasterPage", "jQureyWithMasterPage\jQureyWithMasterPage.csproj", "{0213BEC2-E3A9-4CFC-93B8-A43430EA5B9B}"
EndProject
Project("{FAE04EC0-301F-11D3-BF4B-00C04F79EFBC}") = "NinjectDemoTest", "NinjectDemoTest\NinjectDemoTest.csproj", "{0DAC36B1-279F-40D4-B509-4833D2C3B041}"
EndProject
Project("{2150E333-8FDC-42A3-9474-1A3956D46DE8}") = "Solution Items", "Solution Items", "{1D12C90E-92B2-41D6-A5ED-631CEBD895CE}"
	ProjectSection(SolutionItems) = preProject
		Local.testsettings = Local.testsettings
		MvcApplication1.vsmdi = MvcApplication1.vsmdi
		TraceAndTestImpact.testsettings = TraceAndTestImpact.testsettings
	EndProjectSection
EndProject
Global
	GlobalSection(TestCaseManagementSettings) = postSolution
		CategoryFile = MvcApplication1.vsmdi
	EndGlobalSection
	GlobalSection(SolutionConfigurationPlatforms) = preSolution
		Debug|Any CPU = Debug|Any CPU
		Release|Any CPU = Release|Any CPU
	EndGlobalSection
	GlobalSection(ProjectConfigurationPlatforms) = postSolution
		{37ECC363-252C-4F15-B9AD-88DE45B54A5D}.Debug|Any CPU.ActiveCfg = Debug|Any CPU
		{37ECC363-252C-4F15-B9AD-88DE45B54A5D}.Debug|Any CPU.Build.0 = Debug|Any CPU
		{37ECC363-252C-4F15-B9AD-88DE45B54A5D}.Release|Any CPU.ActiveCfg = Release|Any CPU
		{37ECC363-252C-4F15-B9AD-88DE45B54A5D}.Release|Any CPU.Build.0 = Release|Any CPU
		{4EF22234-300D-4CBB-8C5A-75506850AE6A}.Debug|Any CPU.ActiveCfg = Debug|Any CPU
		{4EF22234-300D-4CBB-8C5A-75506850AE6A}.Debug|Any CPU.Build.0 = Debug|Any CPU
		{4EF22234-300D-4CBB-8C5A-75506850AE6A}.Release|Any CPU.ActiveCfg = Release|Any CPU
		{4EF22234-300D-4CBB-8C5A-75506850AE6A}.Release|Any CPU.Build.0 = Release|Any CPU
		{0213BEC2-E3A9-4CFC-93B8-A43430EA5B9B}.Debug|Any CPU.ActiveCfg = Debug|Any CPU
		{0213BEC2-E3A9-4CFC-93B8-A43430EA5B9B}.Debug|Any CPU.Build.0 = Debug|Any CPU
		{0213BEC2-E3A9-4CFC-93B8-A43430EA5B9B}.Release|Any CPU.ActiveCfg = Release|Any CPU
		{0213BEC2-E3A9-4CFC-93B8-A43430EA5B9B}.Release|Any CPU.Build.0 = Release|Any CPU
		{0DAC36B1-279F-40D4-B509-4833D2C3B041}.Debug|Any CPU.ActiveCfg = Debug|Any CPU
		{0DAC36B1-279F-40D4-B509-4833D2C3B041}.Debug|Any CPU.Build.0 = Debug|Any CPU
		{0DAC36B1-279F-40D4-B509-4833D2C3B041}.Release|Any CPU.ActiveCfg = Release|Any CPU
		{0DAC36B1-279F-40D4-B509-4833D2C3B041}.Release|Any CPU.Build.0 = Release|Any CPU
	EndGlobalSection
	GlobalSection(SolutionProperties) = preSolution
		HideSolutionNode = FALSE
	EndGlobalSection
	GlobalSection(SpecExplorer.ActivityCompletionStatus) = preSolution
		SpecExplorer.ActivityCompletionStatus = TestExisting: ;ModelFromScratch: 
	EndGlobalSection
EndGlobal
